
Microsoft Visual Studio Solution File, Format Version 12.00
# Visual Studio Version 16
VisualStudioVersion = 16.0.31624.102
MinimumVisualStudioVersion = 10.0.40219.1
Project("{FAE04EC0-301F-11D3-BF4B-00C04F79EFBC}") = "stategy_hw", "stategy_hw\stategy_hw.csproj", "{D8B805E1-5D75-4A43-AE54-CC895EA71D77}"
EndProject
Global
	GlobalSection(SolutionConfigurationPlatforms) = preSolution
		Debug|Any CPU = Debug|Any CPU
		Release|Any CPU = Release|Any CPU
	EndGlobalSection
	GlobalSection(ProjectConfigurationPlatforms) = postSolution
		{D8B805E1-5D75-4A43-AE54-CC895EA71D77}.Debug|Any CPU.ActiveCfg = Debug|Any CPU
		{D8B805E1-5D75-4A43-AE54-CC895EA71D77}.Debug|Any CPU.Build.0 = Debug|Any CPU
		{D8B805E1-5D75-4A43-AE54-CC895EA71D77}.Release|Any CPU.ActiveCfg = Release|Any CPU
		{D8B805E1-5D75-4A43-AE54-CC895EA71D77}.Release|Any CPU.Build.0 = Release|Any CPU
	EndGlobalSection
	GlobalSection(SolutionProperties) = preSolution
		HideSolutionNode = FALSE
	EndGlobalSection
	GlobalSection(ExtensibilityGlobals) = postSolution
		SolutionGuid = {B592A321-C703-49CC-B8E1-985AD08EE11B}
	EndGlobalSection
EndGlobal
